{
  "projectId": "gen-lang-client-0951961080",
  "appId": "1:304702555715:web:310d61f9c55b713fddb6f6",
  "apiKey": "AIzaSyAyyqWu-89Gi683drqr7OeIpg5QcN4T1p8",
  "authDomain": "gen-lang-client-0951961080.firebaseapp.com",
  "firestoreDatabaseId": "ai-studio-954ea1e5-cc37-4abe-8f90-79b84d7c8206",
  "storageBucket": "gen-lang-client-0951961080.firebasestorage.app",
  "messagingSenderId": "304702555715",
  "measurementId": ""
}